// !$*UTF8*$!
{
	archiveVersion = 1;
	classes = {
	};
	objectVersion = 77;
	objects = {

/* Begin PBXBuildFile section */
		EE4AEBF72F452224001A7E88 /* WidgetKit.framework in Frameworks */ = {isa = PBXBuildFile; fileRef = EE4AEBF62F452224001A7E88 /* WidgetKit.framework */; };
		EE4AEBF92F452224001A7E88 /* SwiftUI.framework in Frameworks */ = {isa = PBXBuildFile; fileRef = EE4AEBF82F452224001A7E88 /* SwiftUI.framework */; };
		EE4AEC0A2F452225001A7E88 /* KageWidgetExtension.appex in Embed Foundation Extensions */ = {isa = PBXBuildFile; fileRef = EE4AEBF52F452224001A7E88 /* KageWidgetExtension.appex */; settings = {ATTRIBUTES = (RemoveHeadersOnCopy, ); }; };
		EE62A4062E2D528200446E87 /* GoogleMobileAds in Frameworks */ = {isa = PBXBuildFile; productRef = EE62A4052E2D528200446E87 /* GoogleMobileAds */; };
		EE9F0EBE2ED29C66009987FB /* FirebaseAnalytics in Frameworks */ = {isa = PBXBuildFile; productRef = EE9F0EBD2ED29C66009987FB /* FirebaseAnalytics */; };
		EE9F0EC02ED29C66009987FB /* FirebaseCore in Frameworks */ = {isa = PBXBuildFile; productRef = EE9F0EBF2ED29C66009987FB /* FirebaseCore */; };
		EEB3FE5C2E2C53280024D0AD /* ReceiptParser in Frameworks */ = {isa = PBXBuildFile; productRef = EEB3FE5B2E2C53280024D0AD /* ReceiptParser */; };
		EEB3FE5E2E2C53280024D0AD /* RevenueCat in Frameworks */ = {isa = PBXBuildFile; productRef = EEB3FE5D2E2C53280024D0AD /* RevenueCat */; };
		EEB3FE602E2C53280024D0AD /* RevenueCatUI in Frameworks */ = {isa = PBXBuildFile; productRef = EEB3FE5F2E2C53280024D0AD /* RevenueCatUI */; };
/* End PBXBuildFile section */

/* Begin PBXContainerItemProxy section */
		EE1AF8B42E0F30A9006C633D /* PBXContainerItemProxy */ = {
			isa = PBXContainerItemProxy;
			containerPortal = EE1AF89B2E0F30A9006C633D /* Project object */;
			proxyType = 1;
			remoteGlobalIDString = EE1AF8A22E0F30A9006C633D;
			remoteInfo = CleanSwipe;
		};
		EE1AF8BE2E0F30A9006C633D /* PBXContainerItemProxy */ = {
			isa = PBXContainerItemProxy;
			containerPortal = EE1AF89B2E0F30A9006C633D /* Project object */;
			proxyType = 1;
			remoteGlobalIDString = EE1AF8A22E0F30A9006C633D;
			remoteInfo = CleanSwipe;
		};
		EE4AEC082F452225001A7E88 /* PBXContainerItemProxy */ = {
			isa = PBXContainerItemProxy;
			containerPortal = EE1AF89B2E0F30A9006C633D /* Project object */;
			proxyType = 1;
			remoteGlobalIDString = EE4AEBF42F452224001A7E88;
			remoteInfo = KageWidgetExtension;
		};
/* End PBXContainerItemProxy section */

/* Begin PBXCopyFilesBuildPhase section */
		EE4AEC0B2F452225001A7E88 /* Embed Foundation Extensions */ = {
			isa = PBXCopyFilesBuildPhase;
			buildActionMask = 2147483647;
			dstPath = "";
			dstSubfolderSpec = 13;
			files = (
				EE4AEC0A2F452225001A7E88 /* KageWidgetExtension.appex in Embed Foundation Extensions */,
			);
			name = "Embed Foundation Extensions";
			runOnlyForDeploymentPostprocessing = 0;
		};
/* End PBXCopyFilesBuildPhase section */

/* Begin PBXFileReference section */
		EE1AF8A32E0F30A9006C633D /* Kage.app */ = {isa = PBXFileReference; explicitFileType = wrapper.application; includeInIndex = 0; path = Kage.app; sourceTree = BUILT_PRODUCTS_DIR; };
		EE1AF8B32E0F30A9006C633D /* KageTests.xctest */ = {isa = PBXFileReference; explicitFileType = wrapper.cfbundle; includeInIndex = 0; path = KageTests.xctest; sourceTree = BUILT_PRODUCTS_DIR; };
		EE1AF8BD2E0F30A9006C633D /* KageUITests.xctest */ = {isa = PBXFileReference; explicitFileType = wrapper.cfbundle; includeInIndex = 0; path = KageUITests.xctest; sourceTree = BUILT_PRODUCTS_DIR; };
		EE4AEBF52F452224001A7E88 /* KageWidgetExtension.appex */ = {isa = PBXFileReference; explicitFileType = "wrapper.app-extension"; includeInIndex = 0; path = KageWidgetExtension.appex; sourceTree = BUILT_PRODUCTS_DIR; };
		EE4AEBF62F452224001A7E88 /* WidgetKit.framework */ = {isa = PBXFileReference; lastKnownFileType = wrapper.framework; name = WidgetKit.framework; path = System/Library/Frameworks/WidgetKit.framework; sourceTree = SDKROOT; };
		EE4AEBF82F452224001A7E88 /* SwiftUI.framework */ = {isa = PBXFileReference; lastKnownFileType = wrapper.framework; name = SwiftUI.framework; path = System/Library/Frameworks/SwiftUI.framework; sourceTree = SDKROOT; };
		EE4AEC172F45232C001A7E88 /* KageWidgetExtension.entitlements */ = {isa = PBXFileReference; lastKnownFileType = text.plist.entitlements; path = KageWidgetExtension.entitlements; sourceTree = "<group>"; };
/* End PBXFileReference section */

/* Begin PBXFileSystemSynchronizedBuildFileExceptionSet section */
		EE4AEC0F2F452225001A7E88 /* Exceptions for "KageWidget" folder in "KageWidgetExtension" target */ = {
			isa = PBXFileSystemSynchronizedBuildFileExceptionSet;
			membershipExceptions = (
				Info.plist,
			);
			target = EE4AEBF42F452224001A7E88 /* KageWidgetExtension */;
		};
		EE4AEC192F45237D001A7E88 /* Exceptions for "Kage" folder in "KageWidgetExtension" target */ = {
			isa = PBXFileSystemSynchronizedBuildFileExceptionSet;
			membershipExceptions = (
				Models/WidgetDataManager.swift,
			);
			target = EE4AEBF42F452224001A7E88 /* KageWidgetExtension */;
		};
		EE90D3D62EBF7591001D367B /* Exceptions for "Kage" folder in "Kage" target */ = {
			isa = PBXFileSystemSynchronizedBuildFileExceptionSet;
			membershipExceptions = (
				Info.plist,
			);
			target = EE1AF8A22E0F30A9006C633D /* Kage */;
		};
/* End PBXFileSystemSynchronizedBuildFileExceptionSet section */

/* Begin PBXFileSystemSynchronizedRootGroup section */
		EE1AF8A52E0F30A9006C633D /* Kage */ = {
			isa = PBXFileSystemSynchronizedRootGroup;
			exceptions = (
				EE90D3D62EBF7591001D367B /* Exceptions for "Kage" folder in "Kage" target */,
				EE4AEC192F45237D001A7E88 /* Exceptions for "Kage" folder in "KageWidgetExtension" target */,
			);
			path = Kage;
			sourceTree = "<group>";
		};
		EE1AF8B62E0F30A9006C633D /* KageTests */ = {
			isa = PBXFileSystemSynchronizedRootGroup;
			path = KageTests;
			sourceTree = "<group>";
		};
		EE1AF8C02E0F30A9006C633D /* KageUITests */ = {
			isa = PBXFileSystemSynchronizedRootGroup;
			path = KageUITests;
			sourceTree = "<group>";
		};
		EE4AEBFA2F452224001A7E88 /* KageWidget */ = {
			isa = PBXFileSystemSynchronizedRootGroup;
			exceptions = (
				EE4AEC0F2F452225001A7E88 /* Exceptions for "KageWidget" folder in "KageWidgetExtension" target */,
			);
			path = KageWidget;
			sourceTree = "<group>";
		};
/* End PBXFileSystemSynchronizedRootGroup section */

/* Begin PBXFrameworksBuildPhase section */
		EE1AF8A02E0F30A9006C633D /* Frameworks */ = {
			isa = PBXFrameworksBuildPhase;
			buildActionMask = 2147483647;
			files = (
				EE62A4062E2D528200446E87 /* GoogleMobileAds in Frameworks */,
				EEB3FE5E2E2C53280024D0AD /* RevenueCat in Frameworks */,
				EEB3FE5C2E2C53280024D0AD /* ReceiptParser in Frameworks */,
				EE9F0EBE2ED29C66009987FB /* FirebaseAnalytics in Frameworks */,
				EE9F0EC02ED29C66009987FB /* FirebaseCore in Frameworks */,
				EEB3FE602E2C53280024D0AD /* RevenueCatUI in Frameworks */,
			);
			runOnlyForDeploymentPostprocessing = 0;
		};
		EE1AF8B02E0F30A9006C633D /* Frameworks */ = {
			isa = PBXFrameworksBuildPhase;
			buildActionMask = 2147483647;
			files = (
			);
			runOnlyForDeploymentPostprocessing = 0;
		};
		EE1AF8BA2E0F30A9006C633D /* Frameworks */ = {
			isa = PBXFrameworksBuildPhase;
			buildActionMask = 2147483647;
			files = (
			);
			runOnlyForDeploymentPostprocessing = 0;
		};
		EE4AEBF22F452224001A7E88 /* Frameworks */ = {
			isa = PBXFrameworksBuildPhase;
			buildActionMask = 2147483647;
			files = (
				EE4AEBF92F452224001A7E88 /* SwiftUI.framework in Frameworks */,
				EE4AEBF72F452224001A7E88 /* WidgetKit.framework in Frameworks */,
			);
			runOnlyForDeploymentPostprocessing = 0;
		};
/* End PBXFrameworksBuildPhase section */

/* Begin PBXGroup section */
		EE1AF89A2E0F30A9006C633D = {
			isa = PBXGroup;
			children = (
				EE4AEC172F45232C001A7E88 /* KageWidgetExtension.entitlements */,
				EE1AF8A52E0F30A9006C633D /* Kage */,
				EE1AF8B62E0F30A9006C633D /* KageTests */,
				EE1AF8C02E0F30A9006C633D /* KageUITests */,
				EE4AEBFA2F452224001A7E88 /* KageWidget */,
				EE9F0EBC2ED29C66009987FB /* Frameworks */,
				EE1AF8A42E0F30A9006C633D /* Products */,
			);
			sourceTree = "<group>";
		};
		EE1AF8A42E0F30A9006C633D /* Products */ = {
			isa = PBXGroup;
			children = (
				EE1AF8A32E0F30A9006C633D /* Kage.app */,
				EE1AF8B32E0F30A9006C633D /* KageTests.xctest */,
				EE1AF8BD2E0F30A9006C633D /* KageUITests.xctest */,
				EE4AEBF52F452224001A7E88 /* KageWidgetExtension.appex */,
			);
			name = Products;
			sourceTree = "<group>";
		};
		EE9F0EBC2ED29C66009987FB /* Frameworks */ = {
			isa = PBXGroup;
			children = (
				EE4AEBF62F452224001A7E88 /* WidgetKit.framework */,
				EE4AEBF82F452224001A7E88 /* SwiftUI.framework */,
			);
			name = Frameworks;
			sourceTree = "<group>";
		};
/* End PBXGroup section */

/* Begin PBXNativeTarget section */
		EE1AF8A22E0F30A9006C633D /* Kage */ = {
			isa = PBXNativeTarget;
			buildConfigurationList = EE1AF8C72E0F30A9006C633D /* Build configuration list for PBXNativeTarget "Kage" */;
			buildPhases = (
				EE1AF89F2E0F30A9006C633D /* Sources */,
				EE1AF8A02E0F30A9006C633D /* Frameworks */,
				EE1AF8A12E0F30A9006C633D /* Resources */,
				EE4AEC0B2F452225001A7E88 /* Embed Foundation Extensions */,
			);
			buildRules = (
			);
			dependencies = (
				EE4AEC092F452225001A7E88 /* PBXTargetDependency */,
			);
			fileSystemSynchronizedGroups = (
				EE1AF8A52E0F30A9006C633D /* Kage */,
			);
			name = Kage;
			packageProductDependencies = (
				EEB3FE5B2E2C53280024D0AD /* ReceiptParser */,
				EEB3FE5D2E2C53280024D0AD /* RevenueCat */,
				EEB3FE5F2E2C53280024D0AD /* RevenueCatUI */,
				EE62A4052E2D528200446E87 /* GoogleMobileAds */,
				EE9F0EBD2ED29C66009987FB /* FirebaseAnalytics */,
				EE9F0EBF2ED29C66009987FB /* FirebaseCore */,
			);
			productName = CleanSwipe;
			productReference = EE1AF8A32E0F30A9006C633D /* Kage.app */;
			productType = "com.apple.product-type.application";
		};
		EE1AF8B22E0F30A9006C633D /* KageTests */ = {
			isa = PBXNativeTarget;
			buildConfigurationList = EE1AF8CA2E0F30A9006C633D /* Build configuration list for PBXNativeTarget "KageTests" */;
			buildPhases = (
				EE1AF8AF2E0F30A9006C633D /* Sources */,
				EE1AF8B02E0F30A9006C633D /* Frameworks */,
				EE1AF8B12E0F30A9006C633D /* Resources */,
			);
			buildRules = (
			);
			dependencies = (
				EE1AF8B52E0F30A9006C633D /* PBXTargetDependency */,
			);
			fileSystemSynchronizedGroups = (
				EE1AF8B62E0F30A9006C633D /* KageTests */,
			);
			name = KageTests;
			packageProductDependencies = (
			);
			productName = CleanSwipeTests;
			productReference = EE1AF8B32E0F30A9006C633D /* KageTests.xctest */;
			productType = "com.apple.product-type.bundle.unit-test";
		};
		EE1AF8BC2E0F30A9006C633D /* KageUITests */ = {
			isa = PBXNativeTarget;
			buildConfigurationList = EE1AF8CD2E0F30A9006C633D /* Build configuration list for PBXNativeTarget "KageUITests" */;
			buildPhases = (
				EE1AF8B92E0F30A9006C633D /* Sources */,
				EE1AF8BA2E0F30A9006C633D /* Frameworks */,
				EE1AF8BB2E0F30A9006C633D /* Resources */,
			);
			buildRules = (
			);
			dependencies = (
				EE1AF8BF2E0F30A9006C633D /* PBXTargetDependency */,
			);
			fileSystemSynchronizedGroups = (
				EE1AF8C02E0F30A9006C633D /* KageUITests */,
			);
			name = KageUITests;
			packageProductDependencies = (
			);
			productName = CleanSwipeUITests;
			productReference = EE1AF8BD2E0F30A9006C633D /* KageUITests.xctest */;
			productType = "com.apple.product-type.bundle.ui-testing";
		};
		EE4AEBF42F452224001A7E88 /* KageWidgetExtension */ = {
			isa = PBXNativeTarget;
			buildConfigurationList = EE4AEC0E2F452225001A7E88 /* Build configuration list for PBXNativeTarget "KageWidgetExtension" */;
			buildPhases = (
				EE4AEBF12F452224001A7E88 /* Sources */,
				EE4AEBF22F452224001A7E88 /* Frameworks */,
				EE4AEBF32F452224001A7E88 /* Resources */,
			);
			buildRules = (
			);
			dependencies = (
			);
			fileSystemSynchronizedGroups = (
				EE4AEBFA2F452224001A7E88 /* KageWidget */,
			);
			name = KageWidgetExtension;
			packageProductDependencies = (
			);
			productName = KageWidgetExtension;
			productReference = EE4AEBF52F452224001A7E88 /* KageWidgetExtension.appex */;
			productType = "com.apple.product-type.app-extension";
		};
/* End PBXNativeTarget section */

/* Begin PBXProject section */
		EE1AF89B2E0F30A9006C633D /* Project object */ = {
			isa = PBXProject;
			attributes = {
				BuildIndependentTargetsInParallel = 1;
				LastSwiftUpdateCheck = 2610;
				LastUpgradeCheck = 2610;
				TargetAttributes = {
					EE1AF8A22E0F30A9006C633D = {
						CreatedOnToolsVersion = 16.1;
					};
					EE1AF8B22E0F30A9006C633D = {
						CreatedOnToolsVersion = 16.1;
						TestTargetID = EE1AF8A22E0F30A9006C633D;
					};
					EE1AF8BC2E0F30A9006C633D = {
						CreatedOnToolsVersion = 16.1;
						TestTargetID = EE1AF8A22E0F30A9006C633D;
					};
					EE4AEBF42F452224001A7E88 = {
						CreatedOnToolsVersion = 26.1;
					};
				};
			};
			buildConfigurationList = EE1AF89E2E0F30A9006C633D /* Build configuration list for PBXProject "Kage" */;
			developmentRegion = en;
			hasScannedForEncodings = 0;
			knownRegions = (
				en,
				Base,
				ar,
				"zh-Hans",
				"zh-Hant",
				fr,
				it,
				ko,
				pl,
				"pt-BR",
				ru,
				"es-MX",
				vi,
			);
			mainGroup = EE1AF89A2E0F30A9006C633D;
			minimizedProjectReferenceProxies = 1;
			packageReferences = (
				EEB3FE5A2E2C53280024D0AD /* XCRemoteSwiftPackageReference "purchases-ios" */,
				EE62A4042E2D528200446E87 /* XCRemoteSwiftPackageReference "swift-package-manager-google-mobile-ads" */,
				EE9F05C92ED293AC009987FB /* XCRemoteSwiftPackageReference "firebase-ios-sdk" */,
			);
			preferredProjectObjectVersion = 77;
			productRefGroup = EE1AF8A42E0F30A9006C633D /* Products */;
			projectDirPath = "";
			projectRoot = "";
			targets = (
				EE1AF8A22E0F30A9006C633D /* Kage */,
				EE1AF8B22E0F30A9006C633D /* KageTests */,
				EE1AF8BC2E0F30A9006C633D /* KageUITests */,
				EE4AEBF42F452224001A7E88 /* KageWidgetExtension */,
			);
		};
/* End PBXProject section */

/* Begin PBXResourcesBuildPhase section */
		EE1AF8A12E0F30A9006C633D /* Resources */ = {
			isa = PBXResourcesBuildPhase;
			buildActionMask = 2147483647;
			files = (
			);
			runOnlyForDeploymentPostprocessing = 0;
		};
		EE1AF8B12E0F30A9006C633D /* Resources */ = {
			isa = PBXResourcesBuildPhase;
			buildActionMask = 2147483647;
			files = (
			);
			runOnlyForDeploymentPostprocessing = 0;
		};
		EE1AF8BB2E0F30A9006C633D /* Resources */ = {
			isa = PBXResourcesBuildPhase;
			buildActionMask = 2147483647;
			files = (
			);
			runOnlyForDeploymentPostprocessing = 0;
		};
		EE4AEBF32F452224001A7E88 /* Resources */ = {
			isa = PBXResourcesBuildPhase;
			buildActionMask = 2147483647;
			files = (
			);
			runOnlyForDeploymentPostprocessing = 0;
		};
/* End PBXResourcesBuildPhase section */

/* Begin PBXSourcesBuildPhase section */
		EE1AF89F2E0F30A9006C633D /* Sources */ = {
			isa = PBXSourcesBuildPhase;
			buildActionMask = 2147483647;
			files = (
			);
			runOnlyForDeploymentPostprocessing = 0;
		};
		EE1AF8AF2E0F30A9006C633D /* Sources */ = {
			isa = PBXSourcesBuildPhase;
			buildActionMask = 2147483647;
			files = (
			);
			runOnlyForDeploymentPostprocessing = 0;
		};
		EE1AF8B92E0F30A9006C633D /* Sources */ = {
			isa = PBXSourcesBuildPhase;
			buildActionMask = 2147483647;
			files = (
			);
			runOnlyForDeploymentPostprocessing = 0;
		};
		EE4AEBF12F452224001A7E88 /* Sources */ = {
			isa = PBXSourcesBuildPhase;
			buildActionMask = 2147483647;
			files = (
			);
			runOnlyForDeploymentPostprocessing = 0;
		};
/* End PBXSourcesBuildPhase section */

/* Begin PBXTargetDependency section */
		EE1AF8B52E0F30A9006C633D /* PBXTargetDependency */ = {
			isa = PBXTargetDependency;
			target = EE1AF8A22E0F30A9006C633D /* Kage */;
			targetProxy = EE1AF8B42E0F30A9006C633D /* PBXContainerItemProxy */;
		};
		EE1AF8BF2E0F30A9006C633D /* PBXTargetDependency */ = {
			isa = PBXTargetDependency;
			target = EE1AF8A22E0F30A9006C633D /* Kage */;
			targetProxy = EE1AF8BE2E0F30A9006C633D /* PBXContainerItemProxy */;
		};
		EE4AEC092F452225001A7E88 /* PBXTargetDependency */ = {
			isa = PBXTargetDependency;
			target = EE4AEBF42F452224001A7E88 /* KageWidgetExtension */;
			targetProxy = EE4AEC082F452225001A7E88 /* PBXContainerItemProxy */;
		};
/* End PBXTargetDependency section */

/* Begin XCBuildConfiguration section */
		EE1AF8C52E0F30A9006C633D /* Debug */ = {
			isa = XCBuildConfiguration;
			buildSettings = {
				ALWAYS_SEARCH_USER_PATHS = NO;
				ASSETCATALOG_COMPILER_GENERATE_SWIFT_ASSET_SYMBOL_EXTENSIONS = YES;
				CLANG_ANALYZER_NONNULL = YES;
				CLANG_ANALYZER_NUMBER_OBJECT_CONVERSION = YES_AGGRESSIVE;
				CLANG_CXX_LANGUAGE_STANDARD = "gnu++20";
				CLANG_ENABLE_MODULES = YES;
				CLANG_ENABLE_OBJC_ARC = YES;
				CLANG_ENABLE_OBJC_WEAK = YES;
				CLANG_WARN_BLOCK_CAPTURE_AUTORELEASING = YES;
				CLANG_WARN_BOOL_CONVERSION = YES;
				CLANG_WARN_COMMA = YES;
				CLANG_WARN_CONSTANT_CONVERSION = YES;
				CLANG_WARN_DEPRECATED_OBJC_IMPLEMENTATIONS = YES;
				CLANG_WARN_DIRECT_OBJC_ISA_USAGE = YES_ERROR;
				CLANG_WARN_DOCUMENTATION_COMMENTS = YES;
				CLANG_WARN_EMPTY_BODY = YES;
				CLANG_WARN_ENUM_CONVERSION = YES;
				CLANG_WARN_INFINITE_RECURSION = YES;
				CLANG_WARN_INT_CONVERSION = YES;
				CLANG_WARN_NON_LITERAL_NULL_CONVERSION = YES;
				CLANG_WARN_OBJC_IMPLICIT_RETAIN_SELF = YES;
				CLANG_WARN_OBJC_LITERAL_CONVERSION = YES;
				CLANG_WARN_OBJC_ROOT_CLASS = YES_ERROR;
				CLANG_WARN_QUOTED_INCLUDE_IN_FRAMEWORK_HEADER = YES;
				CLANG_WARN_RANGE_LOOP_ANALYSIS = YES;
				CLANG_WARN_STRICT_PROTOTYPES = YES;
				CLANG_WARN_SUSPICIOUS_MOVE = YES;
				CLANG_WARN_UNGUARDED_AVAILABILITY = YES_AGGRESSIVE;
				CLANG_WARN_UNREACHABLE_CODE = YES;
				CLANG_WARN__DUPLICATE_METHOD_MATCH = YES;
				COPY_PHASE_STRIP = NO;
				DEBUG_INFORMATION_FORMAT = dwarf;
				ENABLE_STRICT_OBJC_MSGSEND = YES;
				ENABLE_TESTABILITY = YES;
				ENABLE_USER_SCRIPT_SANDBOXING = YES;
				GCC_C_LANGUAGE_STANDARD = gnu17;
				GCC_DYNAMIC_NO_PIC = NO;
				GCC_NO_COMMON_BLOCKS = YES;
				GCC_OPTIMIZATION_LEVEL = 0;
				GCC_PREPROCESSOR_DEFINITIONS = (
					"DEBUG=1",
					"$(inherited)",
				);
				GCC_WARN_64_TO_32_BIT_CONVERSION = YES;
				GCC_WARN_ABOUT_RETURN_TYPE = YES_ERROR;
				GCC_WARN_UNDECLARED_SELECTOR = YES;
				GCC_WARN_UNINITIALIZED_AUTOS = YES_AGGRESSIVE;
				GCC_WARN_UNUSED_FUNCTION = YES;
				GCC_WARN_UNUSED_VARIABLE = YES;
				IPHONEOS_DEPLOYMENT_TARGET = 15.0;
				LOCALIZATION_PREFERS_STRING_CATALOGS = YES;
				MTL_ENABLE_DEBUG_INFO = INCLUDE_SOURCE;
				MTL_FAST_MATH = YES;
				ONLY_ACTIVE_ARCH = YES;
				SDKROOT = iphoneos;
				STRING_CATALOG_GENERATE_SYMBOLS = YES;
				SWIFT_ACTIVE_COMPILATION_CONDITIONS = "DEBUG $(inherited)";
				SWIFT_OPTIMIZATION_LEVEL = "-Onone";
			};
			name = Debug;
		};
		EE1AF8C62E0F30A9006C633D /* Release */ = {
			isa = XCBuildConfiguration;
			buildSettings = {
				ALWAYS_SEARCH_USER_PATHS = NO;
				ASSETCATALOG_COMPILER_GENERATE_SWIFT_ASSET_SYMBOL_EXTENSIONS = YES;
				CLANG_ANALYZER_NONNULL = YES;
				CLANG_ANALYZER_NUMBER_OBJECT_CONVERSION = YES_AGGRESSIVE;
				CLANG_CXX_LANGUAGE_STANDARD = "gnu++20";
				CLANG_ENABLE_MODULES = YES;
				CLANG_ENABLE_OBJC_ARC = YES;
				CLANG_ENABLE_OBJC_WEAK = YES;
				CLANG_WARN_BLOCK_CAPTURE_AUTORELEASING = YES;
				CLANG_WARN_BOOL_CONVERSION = YES;
				CLANG_WARN_COMMA = YES;
				CLANG_WARN_CONSTANT_CONVERSION = YES;
				CLANG_WARN_DEPRECATED_OBJC_IMPLEMENTATIONS = YES;
				CLANG_WARN_DIRECT_OBJC_ISA_USAGE = YES_ERROR;
				CLANG_WARN_DOCUMENTATION_COMMENTS = YES;
				CLANG_WARN_EMPTY_BODY = YES;
				CLANG_WARN_ENUM_CONVERSION = YES;
				CLANG_WARN_INFINITE_RECURSION = YES;
				CLANG_WARN_INT_CONVERSION = YES;
				CLANG_WARN_NON_LITERAL_NULL_CONVERSION = YES;
				CLANG_WARN_OBJC_IMPLICIT_RETAIN_SELF = YES;
				CLANG_WARN_OBJC_LITERAL_CONVERSION = YES;
				CLANG_WARN_OBJC_ROOT_CLASS = YES_ERROR;
				CLANG_WARN_QUOTED_INCLUDE_IN_FRAMEWORK_HEADER = YES;
				CLANG_WARN_RANGE_LOOP_ANALYSIS = YES;
				CLANG_WARN_STRICT_PROTOTYPES = YES;
				CLANG_WARN_SUSPICIOUS_MOVE = YES;
				CLANG_WARN_UNGUARDED_AVAILABILITY = YES_AGGRESSIVE;
				CLANG_WARN_UNREACHABLE_CODE = YES;
				CLANG_WARN__DUPLICATE_METHOD_MATCH = YES;
				COPY_PHASE_STRIP = NO;
				DEBUG_INFORMATION_FORMAT = "dwarf-with-dsym";
				ENABLE_NS_ASSERTIONS = NO;
				ENABLE_STRICT_OBJC_MSGSEND = YES;
				ENABLE_USER_SCRIPT_SANDBOXING = YES;
				GCC_C_LANGUAGE_STANDARD = gnu17;
				GCC_NO_COMMON_BLOCKS = YES;
				GCC_WARN_64_TO_32_BIT_CONVERSION = YES;
				GCC_WARN_ABOUT_RETURN_TYPE = YES_ERROR;
				GCC_WARN_UNDECLARED_SELECTOR = YES;
				GCC_WARN_UNINITIALIZED_AUTOS = YES_AGGRESSIVE;
				GCC_WARN_UNUSED_FUNCTION = YES;
				GCC_WARN_UNUSED_VARIABLE = YES;
				IPHONEOS_DEPLOYMENT_TARGET = 15.0;
				LOCALIZATION_PREFERS_STRING_CATALOGS = YES;
				MTL_ENABLE_DEBUG_INFO = NO;
				MTL_FAST_MATH = YES;
				SDKROOT = iphoneos;
				STRING_CATALOG_GENERATE_SYMBOLS = YES;
				SWIFT_COMPILATION_MODE = wholemodule;
				VALIDATE_PRODUCT = YES;
			};
			name = Release;
		};
		EE1AF8C82E0F30A9006C633D /* Debug */ = {
			isa = XCBuildConfiguration;
			buildSettings = {
				ASSETCATALOG_COMPILER_APPICON_NAME = AppIcon;
				ASSETCATALOG_COMPILER_GLOBAL_ACCENT_COLOR_NAME = AccentColor;
				ASSETCATALOG_COMPILER_INCLUDE_ALL_APPICON_ASSETS = NO;
				CODE_SIGN_ENTITLEMENTS = Kage/Kage.entitlements;
				CODE_SIGN_STYLE = Automatic;
				CURRENT_PROJECT_VERSION = 12;
				DEVELOPMENT_ASSET_PATHS = "\"Kage/Preview Content\"";
				DEVELOPMENT_TEAM = 63FZ6N973R;
				ENABLE_PREVIEWS = YES;
				GENERATE_INFOPLIST_FILE = YES;
				INFOPLIST_FILE = Kage/Info.plist;
				INFOPLIST_KEY_CFBundleDisplayName = Kage;
				INFOPLIST_KEY_GADApplicationIdentifier = "ca-app-pub-4682463617947690~4306443417";
				INFOPLIST_KEY_ITSAppUsesNonExemptEncryption = NO;
				INFOPLIST_KEY_LSApplicationCategoryType = "public.app-category.utilities";
				INFOPLIST_KEY_NSPhotoLibraryAddUsageDescription = "Kage needs permission to modify your photo library to delete unwanted photos you choose to remove.";
				INFOPLIST_KEY_NSPhotoLibraryUsageDescription = "Kage requires access to your photo library to let you review and organize photos.";
				INFOPLIST_KEY_SKAdNetworkItems = "cstr6suwn9.skadnetwork 4fzdc2evr5.skadnetwork 4pfyvq9l8r.skadnetwork 2fnua5tdw4.skadnetwork ydx93a7ass.skadnetwork 5a6flpkh64.skadnetwork p78axxw29g.skadnetwork v72qych5uu.skadnetwork ludvb6z3bs.skadnetwork c6k4g5qg8m.skadnetwork s39g8k73mm.skadnetwork 3qy4746246.skadnetwork 3sh42y64q3.skadnetwork f38h382jlk.skadnetwork hs6bdukanm.skadnetwork v4nxqhlyqp.skadnetwork wzmmz9fp6w.skadnetwork yclnxrl5pm.skadnetwork t38b2kh725.skadnetwork 7ug5zh24hu.skadnetwork 9rd848q2bz.skadnetwork n6fk4nfna4.skadnetwork v9wttpbfk9.skadnetwork n38lu8286q.skadnetwork 47vhws6wlr.skadnetwork kbd757ywx3.skadnetwork 9t245vhmpl.skadnetwork eh6m2bh4zr.skadnetwork a2p9lx4jpn.skadnetwork 22mmun2rn5.skadnetwork 4468km3ulz.skadnetwork 2u9pt9hc89.skadnetwork 8s468mfl3y.skadnetwork klf5c3l5u5.skadnetwork ppxm28t8ap.skadnetwork 424m5254lk.skadnetwork uw77j35x4d.skadnetwork pwa73g5rt2.skadnetwork mlmmfzh3r3.skadnetwork 578prtvx9j.skadnetwork 4dzt52r2t5.skadnetwork e5fvkxwrpn.skadnetwork 8c4e2ghe7u.skadnetwork zq492l623r.skadnetwork 3rd42ekr43.skadnetwork 3qcr597p9d.skadnetwork";
				INFOPLIST_KEY_UIApplicationSceneManifest_Generation = YES;
				INFOPLIST_KEY_UIApplicationSupportsIndirectInputEvents = YES;
				INFOPLIST_KEY_UILaunchScreen_Generation = YES;
				INFOPLIST_KEY_UISupportedInterfaceOrientations = UIInterfaceOrientationPortrait;
				INFOPLIST_KEY_UISupportedInterfaceOrientations_iPad = "UIInterfaceOrientationLandscapeLeft UIInterfaceOrientationLandscapeRight UIInterfaceOrientationPortrait UIInterfaceOrientationPortraitUpsideDown";
				LD_RUNPATH_SEARCH_PATHS = (
					"$(inherited)",
					"@executable_path/Frameworks",
				);
				MARKETING_VERSION = 2.0.6;
				PRODUCT_BUNDLE_IDENTIFIER = com.yalun.cleanswipe;
				PRODUCT_NAME = "$(TARGET_NAME)";
				SWIFT_EMIT_LOC_STRINGS = YES;
				SWIFT_VERSION = 5.0;
				TARGETED_DEVICE_FAMILY = "1,2";
			};
			name = Debug;
		};
		EE1AF8C92E0F30A9006C633D /* Release */ = {
			isa = XCBuildConfiguration;
			buildSettings = {
				ASSETCATALOG_COMPILER_APPICON_NAME = AppIcon;
				ASSETCATALOG_COMPILER_GLOBAL_ACCENT_COLOR_NAME = AccentColor;
				ASSETCATALOG_COMPILER_INCLUDE_ALL_APPICON_ASSETS = NO;
				CODE_SIGN_ENTITLEMENTS = Kage/Kage.entitlements;
				CODE_SIGN_STYLE = Automatic;
				CURRENT_PROJECT_VERSION = 12;
				DEVELOPMENT_ASSET_PATHS = "\"Kage/Preview Content\"";
				DEVELOPMENT_TEAM = 63FZ6N973R;
				ENABLE_PREVIEWS = YES;
				GENERATE_INFOPLIST_FILE = YES;
				INFOPLIST_FILE = Kage/Info.plist;
				INFOPLIST_KEY_CFBundleDisplayName = Kage;
				INFOPLIST_KEY_GADApplicationIdentifier = "ca-app-pub-4682463617947690~4306443417";
				INFOPLIST_KEY_ITSAppUsesNonExemptEncryption = NO;
				INFOPLIST_KEY_LSApplicationCategoryType = "public.app-category.utilities";
				INFOPLIST_KEY_NSPhotoLibraryAddUsageDescription = "Kage needs permission to modify your photo library to delete unwanted photos you choose to remove.";
				INFOPLIST_KEY_NSPhotoLibraryUsageDescription = "Kage requires access to your photo library to let you review and organize photos.";
				INFOPLIST_KEY_SKAdNetworkItems = "cstr6suwn9.skadnetwork 4fzdc2evr5.skadnetwork 4pfyvq9l8r.skadnetwork 2fnua5tdw4.skadnetwork ydx93a7ass.skadnetwork 5a6flpkh64.skadnetwork p78axxw29g.skadnetwork v72qych5uu.skadnetwork ludvb6z3bs.skadnetwork c6k4g5qg8m.skadnetwork s39g8k73mm.skadnetwork 3qy4746246.skadnetwork 3sh42y64q3.skadnetwork f38h382jlk.skadnetwork hs6bdukanm.skadnetwork v4nxqhlyqp.skadnetwork wzmmz9fp6w.skadnetwork yclnxrl5pm.skadnetwork t38b2kh725.skadnetwork 7ug5zh24hu.skadnetwork 9rd848q2bz.skadnetwork n6fk4nfna4.skadnetwork v9wttpbfk9.skadnetwork n38lu8286q.skadnetwork 47vhws6wlr.skadnetwork kbd757ywx3.skadnetwork 9t245vhmpl.skadnetwork eh6m2bh4zr.skadnetwork a2p9lx4jpn.skadnetwork 22mmun2rn5.skadnetwork 4468km3ulz.skadnetwork 2u9pt9hc89.skadnetwork 8s468mfl3y.skadnetwork klf5c3l5u5.skadnetwork ppxm28t8ap.skadnetwork 424m5254lk.skadnetwork uw77j35x4d.skadnetwork pwa73g5rt2.skadnetwork mlmmfzh3r3.skadnetwork 578prtvx9j.skadnetwork 4dzt52r2t5.skadnetwork e5fvkxwrpn.skadnetwork 8c4e2ghe7u.skadnetwork zq492l623r.skadnetwork 3rd42ekr43.skadnetwork 3qcr597p9d.skadnetwork";
				INFOPLIST_KEY_UIApplicationSceneManifest_Generation = YES;
				INFOPLIST_KEY_UIApplicationSupportsIndirectInputEvents = YES;
				INFOPLIST_KEY_UILaunchScreen_Generation = YES;
				INFOPLIST_KEY_UISupportedInterfaceOrientations = UIInterfaceOrientationPortrait;
				INFOPLIST_KEY_UISupportedInterfaceOrientations_iPad = "UIInterfaceOrientationLandscapeLeft UIInterfaceOrientationLandscapeRight UIInterfaceOrientationPortrait UIInterfaceOrientationPortraitUpsideDown";
				LD_RUNPATH_SEARCH_PATHS = (
					"$(inherited)",
					"@executable_path/Frameworks",
				);
				MARKETING_VERSION = 2.0.6;
				PRODUCT_BUNDLE_IDENTIFIER = com.yalun.cleanswipe;
				PRODUCT_NAME = "$(TARGET_NAME)";
				SWIFT_EMIT_LOC_STRINGS = YES;
				SWIFT_VERSION = 5.0;
				TARGETED_DEVICE_FAMILY = "1,2";
			};
			name = Release;
		};
		EE1AF8CB2E0F30A9006C633D /* Debug */ = {
			isa = XCBuildConfiguration;
			buildSettings = {
				BUNDLE_LOADER = "$(TEST_HOST)";
				CODE_SIGN_STYLE = Automatic;
				CURRENT_PROJECT_VERSION = 2;
				GENERATE_INFOPLIST_FILE = NO;
				IPHONEOS_DEPLOYMENT_TARGET = 15.0;
				MARKETING_VERSION = 1.0.1;
				PRODUCT_BUNDLE_IDENTIFIER = com.yalun.CleanSwipeTests;
				PRODUCT_NAME = "$(TARGET_NAME)";
				SWIFT_EMIT_LOC_STRINGS = NO;
				SWIFT_VERSION = 5.0;
				TARGETED_DEVICE_FAMILY = "1,2";
				TEST_HOST = "$(BUILT_PRODUCTS_DIR)/Kage.app/$(BUNDLE_EXECUTABLE_FOLDER_PATH)/Kage";
			};
			name = Debug;
		};
		EE1AF8CC2E0F30A9006C633D /* Release */ = {
			isa = XCBuildConfiguration;
			buildSettings = {
				BUNDLE_LOADER = "$(TEST_HOST)";
				CODE_SIGN_STYLE = Automatic;
				CURRENT_PROJECT_VERSION = 2;
				GENERATE_INFOPLIST_FILE = NO;
				IPHONEOS_DEPLOYMENT_TARGET = 15.0;
				MARKETING_VERSION = 1.0.1;
				PRODUCT_BUNDLE_IDENTIFIER = com.yalun.CleanSwipeTests;
				PRODUCT_NAME = "$(TARGET_NAME)";
				SWIFT_EMIT_LOC_STRINGS = NO;
				SWIFT_VERSION = 5.0;
				TARGETED_DEVICE_FAMILY = "1,2";
				TEST_HOST = "$(BUILT_PRODUCTS_DIR)/Kage.app/$(BUNDLE_EXECUTABLE_FOLDER_PATH)/Kage";
			};
			name = Release;
		};
		EE1AF8CE2E0F30A9006C633D /* Debug */ = {
			isa = XCBuildConfiguration;
			buildSettings = {
				CODE_SIGN_STYLE = Automatic;
				CURRENT_PROJECT_VERSION = 2;
				GENERATE_INFOPLIST_FILE = NO;
				MARKETING_VERSION = 1.0.1;
				PRODUCT_BUNDLE_IDENTIFIER = com.yalun.CleanSwipeUITests;
				PRODUCT_NAME = "$(TARGET_NAME)";
				SWIFT_EMIT_LOC_STRINGS = NO;
				SWIFT_VERSION = 5.0;
				TARGETED_DEVICE_FAMILY = "1,2";
				TEST_TARGET_NAME = CleanSwipe;
			};
			name = Debug;
		};
		EE1AF8CF2E0F30A9006C633D /* Release */ = {
			isa = XCBuildConfiguration;
			buildSettings = {
				CODE_SIGN_STYLE = Automatic;
				CURRENT_PROJECT_VERSION = 1;
				GENERATE_INFOPLIST_FILE = NO;
				MARKETING_VERSION = 1.0;
				PRODUCT_BUNDLE_IDENTIFIER = com.yalun.CleanSwipeUITests;
				PRODUCT_NAME = "$(TARGET_NAME)";
				SWIFT_EMIT_LOC_STRINGS = NO;
				SWIFT_VERSION = 5.0;
				TARGETED_DEVICE_FAMILY = "1,2";
				TEST_TARGET_NAME = CleanSwipe;
			};
			name = Release;
		};
		EE4AEC0C2F452225001A7E88 /* Debug */ = {
			isa = XCBuildConfiguration;
			buildSettings = {
				ASSETCATALOG_COMPILER_GLOBAL_ACCENT_COLOR_NAME = AccentColor;
				ASSETCATALOG_COMPILER_WIDGET_BACKGROUND_COLOR_NAME = WidgetBackground;
				CODE_SIGN_ENTITLEMENTS = KageWidgetExtension.entitlements;
				CODE_SIGN_STYLE = Automatic;
				CURRENT_PROJECT_VERSION = 1;
				DEVELOPMENT_TEAM = 63FZ6N973R;
				GENERATE_INFOPLIST_FILE = YES;
				INFOPLIST_FILE = KageWidget/Info.plist;
				INFOPLIST_KEY_CFBundleDisplayName = KageWidget;
				INFOPLIST_KEY_NSHumanReadableCopyright = "";
				IPHONEOS_DEPLOYMENT_TARGET = 26.1;
				LD_RUNPATH_SEARCH_PATHS = (
					"$(inherited)",
					"@executable_path/Frameworks",
					"@executable_path/../../Frameworks",
				);
				MARKETING_VERSION = 1.0;
				PRODUCT_BUNDLE_IDENTIFIER = com.yalun.cleanswipe.KageWidget;
				PRODUCT_NAME = "$(TARGET_NAME)";
				SKIP_INSTALL = YES;
				STRING_CATALOG_GENERATE_SYMBOLS = YES;
				SWIFT_APPROACHABLE_CONCURRENCY = YES;
				SWIFT_EMIT_LOC_STRINGS = YES;
				SWIFT_UPCOMING_FEATURE_MEMBER_IMPORT_VISIBILITY = YES;
				SWIFT_VERSION = 5.0;
				TARGETED_DEVICE_FAMILY = "1,2";
			};
			name = Debug;
		};
		EE4AEC0D2F452225001A7E88 /* Release */ = {
			isa = XCBuildConfiguration;
			buildSettings = {
				ASSETCATALOG_COMPILER_GLOBAL_ACCENT_COLOR_NAME = AccentColor;
				ASSETCATALOG_COMPILER_WIDGET_BACKGROUND_COLOR_NAME = WidgetBackground;
				CODE_SIGN_ENTITLEMENTS = KageWidgetExtension.entitlements;
				CODE_SIGN_STYLE = Automatic;
				CURRENT_PROJECT_VERSION = 1;
				DEVELOPMENT_TEAM = 63FZ6N973R;
				GENERATE_INFOPLIST_FILE = YES;
				INFOPLIST_FILE = KageWidget/Info.plist;
				INFOPLIST_KEY_CFBundleDisplayName = KageWidget;
				INFOPLIST_KEY_NSHumanReadableCopyright = "";
				IPHONEOS_DEPLOYMENT_TARGET = 26.1;
				LD_RUNPATH_SEARCH_PATHS = (
					"$(inherited)",
					"@executable_path/Frameworks",
					"@executable_path/../../Frameworks",
				);
				MARKETING_VERSION = 1.0;
				PRODUCT_BUNDLE_IDENTIFIER = com.yalun.cleanswipe.KageWidget;
				PRODUCT_NAME = "$(TARGET_NAME)";
				SKIP_INSTALL = YES;
				STRING_CATALOG_GENERATE_SYMBOLS = YES;
				SWIFT_APPROACHABLE_CONCURRENCY = YES;
				SWIFT_EMIT_LOC_STRINGS = YES;
				SWIFT_UPCOMING_FEATURE_MEMBER_IMPORT_VISIBILITY = YES;
				SWIFT_VERSION = 5.0;
				TARGETED_DEVICE_FAMILY = "1,2";
			};
			name = Release;
		};
/* End XCBuildConfiguration section */

/* Begin XCConfigurationList section */
		EE1AF89E2E0F30A9006C633D /* Build configuration list for PBXProject "Kage" */ = {
			isa = XCConfigurationList;
			buildConfigurations = (
				EE1AF8C52E0F30A9006C633D /* Debug */,
				EE1AF8C62E0F30A9006C633D /* Release */,
			);
			defaultConfigurationIsVisible = 0;
			defaultConfigurationName = Release;
		};
		EE1AF8C72E0F30A9006C633D /* Build configuration list for PBXNativeTarget "Kage" */ = {
			isa = XCConfigurationList;
			buildConfigurations = (
				EE1AF8C82E0F30A9006C633D /* Debug */,
				EE1AF8C92E0F30A9006C633D /* Release */,
			);
			defaultConfigurationIsVisible = 0;
			defaultConfigurationName = Release;
		};
		EE1AF8CA2E0F30A9006C633D /* Build configuration list for PBXNativeTarget "KageTests" */ = {
			isa = XCConfigurationList;
			buildConfigurations = (
				EE1AF8CB2E0F30A9006C633D /* Debug */,
				EE1AF8CC2E0F30A9006C633D /* Release */,
			);
			defaultConfigurationIsVisible = 0;
			defaultConfigurationName = Release;
		};
		EE1AF8CD2E0F30A9006C633D /* Build configuration list for PBXNativeTarget "KageUITests" */ = {
			isa = XCConfigurationList;
			buildConfigurations = (
				EE1AF8CE2E0F30A9006C633D /* Debug */,
				EE1AF8CF2E0F30A9006C633D /* Release */,
			);
			defaultConfigurationIsVisible = 0;
			defaultConfigurationName = Release;
		};
		EE4AEC0E2F452225001A7E88 /* Build configuration list for PBXNativeTarget "KageWidgetExtension" */ = {
			isa = XCConfigurationList;
			buildConfigurations = (
				EE4AEC0C2F452225001A7E88 /* Debug */,
				EE4AEC0D2F452225001A7E88 /* Release */,
			);
			defaultConfigurationIsVisible = 0;
			defaultConfigurationName = Release;
		};
/* End XCConfigurationList section */

/* Begin XCRemoteSwiftPackageReference section */
		EE62A4042E2D528200446E87 /* XCRemoteSwiftPackageReference "swift-package-manager-google-mobile-ads" */ = {
			isa = XCRemoteSwiftPackageReference;
			repositoryURL = "https://github.com/googleads/swift-package-manager-google-mobile-ads";
			requirement = {
				kind = upToNextMajorVersion;
				minimumVersion = 12.7.0;
			};
		};
		EE9F05C92ED293AC009987FB /* XCRemoteSwiftPackageReference "firebase-ios-sdk" */ = {
			isa = XCRemoteSwiftPackageReference;
			repositoryURL = "https://github.com/firebase/firebase-ios-sdk";
			requirement = {
				kind = upToNextMajorVersion;
				minimumVersion = 12.6.0;
			};
		};
		EEB3FE5A2E2C53280024D0AD /* XCRemoteSwiftPackageReference "purchases-ios" */ = {
			isa = XCRemoteSwiftPackageReference;
			repositoryURL = "https://github.com/RevenueCat/purchases-ios";
			requirement = {
				kind = upToNextMajorVersion;
				minimumVersion = 5.33.0;
			};
		};
/* End XCRemoteSwiftPackageReference section */

/* Begin XCSwiftPackageProductDependency section */
		EE62A4052E2D528200446E87 /* GoogleMobileAds */ = {
			isa = XCSwiftPackageProductDependency;
			package = EE62A4042E2D528200446E87 /* XCRemoteSwiftPackageReference "swift-package-manager-google-mobile-ads" */;
			productName = GoogleMobileAds;
		};
		EE9F0EBD2ED29C66009987FB /* FirebaseAnalytics */ = {
			isa = XCSwiftPackageProductDependency;
			package = EE9F05C92ED293AC009987FB /* XCRemoteSwiftPackageReference "firebase-ios-sdk" */;
			productName = FirebaseAnalytics;
		};
		EE9F0EBF2ED29C66009987FB /* FirebaseCore */ = {
			isa = XCSwiftPackageProductDependency;
			package = EE9F05C92ED293AC009987FB /* XCRemoteSwiftPackageReference "firebase-ios-sdk" */;
			productName = FirebaseCore;
		};
		EEB3FE5B2E2C53280024D0AD /* ReceiptParser */ = {
			isa = XCSwiftPackageProductDependency;
			package = EEB3FE5A2E2C53280024D0AD /* XCRemoteSwiftPackageReference "purchases-ios" */;
			productName = ReceiptParser;
		};
		EEB3FE5D2E2C53280024D0AD /* RevenueCat */ = {
			isa = XCSwiftPackageProductDependency;
			package = EEB3FE5A2E2C53280024D0AD /* XCRemoteSwiftPackageReference "purchases-ios" */;
			productName = RevenueCat;
		};
		EEB3FE5F2E2C53280024D0AD /* RevenueCatUI */ = {
			isa = XCSwiftPackageProductDependency;
			package = EEB3FE5A2E2C53280024D0AD /* XCRemoteSwiftPackageReference "purchases-ios" */;
			productName = RevenueCatUI;
		};
/* End XCSwiftPackageProductDependency section */
	};
	rootObject = EE1AF89B2E0F30A9006C633D /* Project object */;
}
