// !$*UTF8*$!
{
	archiveVersion = 1;
	classes = {
	};
	objectVersion = 77;
	objects = {

/* Begin PBXBuildFile section */
		EEAA6BDF2E0F3D8200AAE69D /* onboarding_video.mp4 in Resources */ = {isa = PBXBuildFile; fileRef = EEAA6BDE2E0F3D8200AAE69D /* onboarding_video.mp4 */; };
/* End PBXBuildFile section */

/* Begin PBXContainerItemProxy section */
		EE1AF8B42E0F30A9006C633D /* PBXContainerItemProxy */ = {
			isa = PBXContainerItemProxy;
			containerPortal = EE1AF89B2E0F30A9006C633D /* Project object */;
			proxyType = 1;
			remoteGlobalIDString = EE1AF8A22E0F30A9006C633D;
			remoteInfo = CleanSwipe;
		};
		EE1AF8BE2E0F30A9006C633D /* PBXContainerItemProxy */ = {
			isa = PBXContainerItemProxy;
			containerPortal = EE1AF89B2E0F30A9006C633D /* Project object */;
			proxyType = 1;
			remoteGlobalIDString = EE1AF8A22E0F30A9006C633D;
			remoteInfo = CleanSwipe;
		};
/* End PBXContainerItemProxy section */

/* Begin PBXFileReference section */
		EE1AF8A32E0F30A9006C633D /* CleanSwipe.app */ = {isa = PBXFileReference; explicitFileType = wrapper.application; includeInIndex = 0; path = CleanSwipe.app; sourceTree = BUILT_PRODUCTS_DIR; };
		EE1AF8B32E0F30A9006C633D /* CleanSwipeTests.xctest */ = {isa = PBXFileReference; explicitFileType = wrapper.cfbundle; includeInIndex = 0; path = CleanSwipeTests.xctest; sourceTree = BUILT_PRODUCTS_DIR; };
		EE1AF8BD2E0F30A9006C633D /* CleanSwipeUITests.xctest */ = {isa = PBXFileReference; explicitFileType = wrapper.cfbundle; includeInIndex = 0; path = CleanSwipeUITests.xctest; sourceTree = BUILT_PRODUCTS_DIR; };
		EEAA6BDE2E0F3D8200AAE69D /* onboarding_video.mp4 */ = {isa = PBXFileReference; lastKnownFileType = file; path = onboarding_video.mp4; sourceTree = "<group>"; };
/* End PBXFileReference section */

/* Begin PBXFileSystemSynchronizedRootGroup section */
		EE1AF8A52E0F30A9006C633D /* CleanSwipe */ = {
			isa = PBXFileSystemSynchronizedRootGroup;
			path = CleanSwipe;
			sourceTree = "<group>";
		};
		EE1AF8B62E0F30A9006C633D /* CleanSwipeTests */ = {
			isa = PBXFileSystemSynchronizedRootGroup;
			path = CleanSwipeTests;
			sourceTree = "<group>";
		};
		EE1AF8C02E0F30A9006C633D /* CleanSwipeUITests */ = {
			isa = PBXFileSystemSynchronizedRootGroup;
			path = CleanSwipeUITests;
			sourceTree = "<group>";
		};
/* End PBXFileSystemSynchronizedRootGroup section */

/* Begin PBXFrameworksBuildPhase section */
		EE1AF8A02E0F30A9006C633D /* Frameworks */ = {
			isa = PBXFrameworksBuildPhase;
			buildActionMask = 2147483647;
			files = (
			);
			runOnlyForDeploymentPostprocessing = 0;
		};
		EE1AF8B02E0F30A9006C633D /* Frameworks */ = {
			isa = PBXFrameworksBuildPhase;
			buildActionMask = 2147483647;
			files = (
			);
			runOnlyForDeploymentPostprocessing = 0;
		};
		EE1AF8BA2E0F30A9006C633D /* Frameworks */ = {
			isa = PBXFrameworksBuildPhase;
			buildActionMask = 2147483647;
			files = (
			);
			runOnlyForDeploymentPostprocessing = 0;
		};
/* End PBXFrameworksBuildPhase section */

/* Begin PBXGroup section */
		EE1AF89A2E0F30A9006C633D = {
			isa = PBXGroup;
			children = (
				EE1AF8A52E0F30A9006C633D /* CleanSwipe */,
				EE1AF8B62E0F30A9006C633D /* CleanSwipeTests */,
				EE1AF8C02E0F30A9006C633D /* CleanSwipeUITests */,
				EE1AF8A42E0F30A9006C633D /* Products */,
				EEAA6BDE2E0F3D8200AAE69D /* onboarding_video.mp4 */,
			);
			sourceTree = "<group>";
		};
		EE1AF8A42E0F30A9006C633D /* Products */ = {
			isa = PBXGroup;
			children = (
				EE1AF8A32E0F30A9006C633D /* CleanSwipe.app */,
				EE1AF8B32E0F30A9006C633D /* CleanSwipeTests.xctest */,
				EE1AF8BD2E0F30A9006C633D /* CleanSwipeUITests.xctest */,
			);
			name = Products;
			sourceTree = "<group>";
		};
/* End PBXGroup section */

/* Begin PBXNativeTarget section */
		EE1AF8A22E0F30A9006C633D /* CleanSwipe */ = {
			isa = PBXNativeTarget;
			buildConfigurationList = EE1AF8C72E0F30A9006C633D /* Build configuration list for PBXNativeTarget "CleanSwipe" */;
			buildPhases = (
				EE1AF89F2E0F30A9006C633D /* Sources */,
				EE1AF8A02E0F30A9006C633D /* Frameworks */,
				EE1AF8A12E0F30A9006C633D /* Resources */,
			);
			buildRules = (
			);
			dependencies = (
			);
			fileSystemSynchronizedGroups = (
				EE1AF8A52E0F30A9006C633D /* CleanSwipe */,
			);
			name = CleanSwipe;
			packageProductDependencies = (
			);
			productName = CleanSwipe;
			productReference = EE1AF8A32E0F30A9006C633D /* CleanSwipe.app */;
			productType = "com.apple.product-type.application";
		};
		EE1AF8B22E0F30A9006C633D /* CleanSwipeTests */ = {
			isa = PBXNativeTarget;
			buildConfigurationList = EE1AF8CA2E0F30A9006C633D /* Build configuration list for PBXNativeTarget "CleanSwipeTests" */;
			buildPhases = (
				EE1AF8AF2E0F30A9006C633D /* Sources */,
				EE1AF8B02E0F30A9006C633D /* Frameworks */,
				EE1AF8B12E0F30A9006C633D /* Resources */,
			);
			buildRules = (
			);
			dependencies = (
				EE1AF8B52E0F30A9006C633D /* PBXTargetDependency */,
			);
			fileSystemSynchronizedGroups = (
				EE1AF8B62E0F30A9006C633D /* CleanSwipeTests */,
			);
			name = CleanSwipeTests;
			packageProductDependencies = (
			);
			productName = CleanSwipeTests;
			productReference = EE1AF8B32E0F30A9006C633D /* CleanSwipeTests.xctest */;
			productType = "com.apple.product-type.bundle.unit-test";
		};
		EE1AF8BC2E0F30A9006C633D /* CleanSwipeUITests */ = {
			isa = PBXNativeTarget;
			buildConfigurationList = EE1AF8CD2E0F30A9006C633D /* Build configuration list for PBXNativeTarget "CleanSwipeUITests" */;
			buildPhases = (
				EE1AF8B92E0F30A9006C633D /* Sources */,
				EE1AF8BA2E0F30A9006C633D /* Frameworks */,
				EE1AF8BB2E0F30A9006C633D /* Resources */,
			);
			buildRules = (
			);
			dependencies = (
				EE1AF8BF2E0F30A9006C633D /* PBXTargetDependency */,
			);
			fileSystemSynchronizedGroups = (
				EE1AF8C02E0F30A9006C633D /* CleanSwipeUITests */,
			);
			name = CleanSwipeUITests;
			packageProductDependencies = (
			);
			productName = CleanSwipeUITests;
			productReference = EE1AF8BD2E0F30A9006C633D /* CleanSwipeUITests.xctest */;
			productType = "com.apple.product-type.bundle.ui-testing";
		};
/* End PBXNativeTarget section */

/* Begin PBXProject section */
		EE1AF89B2E0F30A9006C633D /* Project object */ = {
			isa = PBXProject;
			attributes = {
				BuildIndependentTargetsInParallel = 1;
				LastSwiftUpdateCheck = 1610;
				LastUpgradeCheck = 1610;
				TargetAttributes = {
					EE1AF8A22E0F30A9006C633D = {
						CreatedOnToolsVersion = 16.1;
					};
					EE1AF8B22E0F30A9006C633D = {
						CreatedOnToolsVersion = 16.1;
						TestTargetID = EE1AF8A22E0F30A9006C633D;
					};
					EE1AF8BC2E0F30A9006C633D = {
						CreatedOnToolsVersion = 16.1;
						TestTargetID = EE1AF8A22E0F30A9006C633D;
					};
				};
			};
			buildConfigurationList = EE1AF89E2E0F30A9006C633D /* Build configuration list for PBXProject "CleanSwipe" */;
			developmentRegion = en;
			hasScannedForEncodings = 0;
			knownRegions = (
				en,
				Base,
			);
			mainGroup = EE1AF89A2E0F30A9006C633D;
			minimizedProjectReferenceProxies = 1;
			preferredProjectObjectVersion = 77;
			productRefGroup = EE1AF8A42E0F30A9006C633D /* Products */;
			projectDirPath = "";
			projectRoot = "";
			targets = (
				EE1AF8A22E0F30A9006C633D /* CleanSwipe */,
				EE1AF8B22E0F30A9006C633D /* CleanSwipeTests */,
				EE1AF8BC2E0F30A9006C633D /* CleanSwipeUITests */,
			);
		};
/* End PBXProject section */

/* Begin PBXResourcesBuildPhase section */
		EE1AF8A12E0F30A9006C633D /* Resources */ = {
			isa = PBXResourcesBuildPhase;
			buildActionMask = 2147483647;
			files = (
				EEAA6BDF2E0F3D8200AAE69D /* onboarding_video.mp4 in Resources */,
			);
			runOnlyForDeploymentPostprocessing = 0;
		};
		EE1AF8B12E0F30A9006C633D /* Resources */ = {
			isa = PBXResourcesBuildPhase;
			buildActionMask = 2147483647;
			files = (
			);
			runOnlyForDeploymentPostprocessing = 0;
		};
		EE1AF8BB2E0F30A9006C633D /* Resources */ = {
			isa = PBXResourcesBuildPhase;
			buildActionMask = 2147483647;
			files = (
			);
			runOnlyForDeploymentPostprocessing = 0;
		};
/* End PBXResourcesBuildPhase section */

/* Begin PBXSourcesBuildPhase section */
		EE1AF89F2E0F30A9006C633D /* Sources */ = {
			isa = PBXSourcesBuildPhase;
			buildActionMask = 2147483647;
			files = (
			);
			runOnlyForDeploymentPostprocessing = 0;
		};
		EE1AF8AF2E0F30A9006C633D /* Sources */ = {
			isa = PBXSourcesBuildPhase;
			buildActionMask = 2147483647;
			files = (
			);
			runOnlyForDeploymentPostprocessing = 0;
		};
		EE1AF8B92E0F30A9006C633D /* Sources */ = {
			isa = PBXSourcesBuildPhase;
			buildActionMask = 2147483647;
			files = (
			);
			runOnlyForDeploymentPostprocessing = 0;
		};
/* End PBXSourcesBuildPhase section */

/* Begin PBXTargetDependency section */
		EE1AF8B52E0F30A9006C633D /* PBXTargetDependency */ = {
			isa = PBXTargetDependency;
			target = EE1AF8A22E0F30A9006C633D /* CleanSwipe */;
			targetProxy = EE1AF8B42E0F30A9006C633D /* PBXContainerItemProxy */;
		};
		EE1AF8BF2E0F30A9006C633D /* PBXTargetDependency */ = {
			isa = PBXTargetDependency;
			target = EE1AF8A22E0F30A9006C633D /* CleanSwipe */;
			targetProxy = EE1AF8BE2E0F30A9006C633D /* PBXContainerItemProxy */;
		};
/* End PBXTargetDependency section */

/* Begin XCBuildConfiguration section */
		EE1AF8C52E0F30A9006C633D /* Debug */ = {
			isa = XCBuildConfiguration;
			buildSettings = {
				ALWAYS_SEARCH_USER_PATHS = NO;
				ASSETCATALOG_COMPILER_GENERATE_SWIFT_ASSET_SYMBOL_EXTENSIONS = YES;
				CLANG_ANALYZER_NONNULL = YES;
				CLANG_ANALYZER_NUMBER_OBJECT_CONVERSION = YES_AGGRESSIVE;
				CLANG_CXX_LANGUAGE_STANDARD = "gnu++20";
				CLANG_ENABLE_MODULES = YES;
				CLANG_ENABLE_OBJC_ARC = YES;
				CLANG_ENABLE_OBJC_WEAK = YES;
				CLANG_WARN_BLOCK_CAPTURE_AUTORELEASING = YES;
				CLANG_WARN_BOOL_CONVERSION = YES;
				CLANG_WARN_COMMA = YES;
				CLANG_WARN_CONSTANT_CONVERSION = YES;
				CLANG_WARN_DEPRECATED_OBJC_IMPLEMENTATIONS = YES;
				CLANG_WARN_DIRECT_OBJC_ISA_USAGE = YES_ERROR;
				CLANG_WARN_DOCUMENTATION_COMMENTS = YES;
				CLANG_WARN_EMPTY_BODY = YES;
				CLANG_WARN_ENUM_CONVERSION = YES;
				CLANG_WARN_INFINITE_RECURSION = YES;
				CLANG_WARN_INT_CONVERSION = YES;
				CLANG_WARN_NON_LITERAL_NULL_CONVERSION = YES;
				CLANG_WARN_OBJC_IMPLICIT_RETAIN_SELF = YES;
				CLANG_WARN_OBJC_LITERAL_CONVERSION = YES;
				CLANG_WARN_OBJC_ROOT_CLASS = YES_ERROR;
				CLANG_WARN_QUOTED_INCLUDE_IN_FRAMEWORK_HEADER = YES;
				CLANG_WARN_RANGE_LOOP_ANALYSIS = YES;
				CLANG_WARN_STRICT_PROTOTYPES = YES;
				CLANG_WARN_SUSPICIOUS_MOVE = YES;
				CLANG_WARN_UNGUARDED_AVAILABILITY = YES_AGGRESSIVE;
				CLANG_WARN_UNREACHABLE_CODE = YES;
				CLANG_WARN__DUPLICATE_METHOD_MATCH = YES;
				COPY_PHASE_STRIP = NO;
				DEBUG_INFORMATION_FORMAT = dwarf;
				ENABLE_STRICT_OBJC_MSGSEND = YES;
				ENABLE_TESTABILITY = YES;
				ENABLE_USER_SCRIPT_SANDBOXING = YES;
				GCC_C_LANGUAGE_STANDARD = gnu17;
				GCC_DYNAMIC_NO_PIC = NO;
				GCC_NO_COMMON_BLOCKS = YES;
				GCC_OPTIMIZATION_LEVEL = 0;
				GCC_PREPROCESSOR_DEFINITIONS = (
					"DEBUG=1",
					"$(inherited)",
				);
				GCC_WARN_64_TO_32_BIT_CONVERSION = YES;
				GCC_WARN_ABOUT_RETURN_TYPE = YES_ERROR;
				GCC_WARN_UNDECLARED_SELECTOR = YES;
				GCC_WARN_UNINITIALIZED_AUTOS = YES_AGGRESSIVE;
				GCC_WARN_UNUSED_FUNCTION = YES;
				GCC_WARN_UNUSED_VARIABLE = YES;
				IPHONEOS_DEPLOYMENT_TARGET = 18.1;
				LOCALIZATION_PREFERS_STRING_CATALOGS = YES;
				MTL_ENABLE_DEBUG_INFO = INCLUDE_SOURCE;
				MTL_FAST_MATH = YES;
				ONLY_ACTIVE_ARCH = YES;
				SDKROOT = iphoneos;
				SWIFT_ACTIVE_COMPILATION_CONDITIONS = "DEBUG $(inherited)";
				SWIFT_OPTIMIZATION_LEVEL = "-Onone";
			};
			name = Debug;
		};
		EE1AF8C62E0F30A9006C633D /* Release */ = {
			isa = XCBuildConfiguration;
			buildSettings = {
				ALWAYS_SEARCH_USER_PATHS = NO;
				ASSETCATALOG_COMPILER_GENERATE_SWIFT_ASSET_SYMBOL_EXTENSIONS = YES;
				CLANG_ANALYZER_NONNULL = YES;
				CLANG_ANALYZER_NUMBER_OBJECT_CONVERSION = YES_AGGRESSIVE;
				CLANG_CXX_LANGUAGE_STANDARD = "gnu++20";
				CLANG_ENABLE_MODULES = YES;
				CLANG_ENABLE_OBJC_ARC = YES;
				CLANG_ENABLE_OBJC_WEAK = YES;
				CLANG_WARN_BLOCK_CAPTURE_AUTORELEASING = YES;
				CLANG_WARN_BOOL_CONVERSION = YES;
				CLANG_WARN_COMMA = YES;
				CLANG_WARN_CONSTANT_CONVERSION = YES;
				CLANG_WARN_DEPRECATED_OBJC_IMPLEMENTATIONS = YES;
				CLANG_WARN_DIRECT_OBJC_ISA_USAGE = YES_ERROR;
				CLANG_WARN_DOCUMENTATION_COMMENTS = YES;
				CLANG_WARN_EMPTY_BODY = YES;
				CLANG_WARN_ENUM_CONVERSION = YES;
				CLANG_WARN_INFINITE_RECURSION = YES;
				CLANG_WARN_INT_CONVERSION = YES;
				CLANG_WARN_NON_LITERAL_NULL_CONVERSION = YES;
				CLANG_WARN_OBJC_IMPLICIT_RETAIN_SELF = YES;
				CLANG_WARN_OBJC_LITERAL_CONVERSION = YES;
				CLANG_WARN_OBJC_ROOT_CLASS = YES_ERROR;
				CLANG_WARN_QUOTED_INCLUDE_IN_FRAMEWORK_HEADER = YES;
				CLANG_WARN_RANGE_LOOP_ANALYSIS = YES;
				CLANG_WARN_STRICT_PROTOTYPES = YES;
				CLANG_WARN_SUSPICIOUS_MOVE = YES;
				CLANG_WARN_UNGUARDED_AVAILABILITY = YES_AGGRESSIVE;
				CLANG_WARN_UNREACHABLE_CODE = YES;
				CLANG_WARN__DUPLICATE_METHOD_MATCH = YES;
				COPY_PHASE_STRIP = NO;
				DEBUG_INFORMATION_FORMAT = "dwarf-with-dsym";
				ENABLE_NS_ASSERTIONS = NO;
				ENABLE_STRICT_OBJC_MSGSEND = YES;
				ENABLE_USER_SCRIPT_SANDBOXING = YES;
				GCC_C_LANGUAGE_STANDARD = gnu17;
				GCC_NO_COMMON_BLOCKS = YES;
				GCC_WARN_64_TO_32_BIT_CONVERSION = YES;
				GCC_WARN_ABOUT_RETURN_TYPE = YES_ERROR;
				GCC_WARN_UNDECLARED_SELECTOR = YES;
				GCC_WARN_UNINITIALIZED_AUTOS = YES_AGGRESSIVE;
				GCC_WARN_UNUSED_FUNCTION = YES;
				GCC_WARN_UNUSED_VARIABLE = YES;
				IPHONEOS_DEPLOYMENT_TARGET = 18.1;
				LOCALIZATION_PREFERS_STRING_CATALOGS = YES;
				MTL_ENABLE_DEBUG_INFO = NO;
				MTL_FAST_MATH = YES;
				SDKROOT = iphoneos;
				SWIFT_COMPILATION_MODE = wholemodule;
				VALIDATE_PRODUCT = YES;
			};
			name = Release;
		};
		EE1AF8C82E0F30A9006C633D /* Debug */ = {
			isa = XCBuildConfiguration;
			buildSettings = {
				ASSETCATALOG_COMPILER_APPICON_NAME = AppIcon;
				ASSETCATALOG_COMPILER_GLOBAL_ACCENT_COLOR_NAME = AccentColor;
				CODE_SIGN_STYLE = Automatic;
				CURRENT_PROJECT_VERSION = 1;
				DEVELOPMENT_ASSET_PATHS = "\"CleanSwipe/Preview Content\"";
				DEVELOPMENT_TEAM = 63FZ6N973R;
				ENABLE_PREVIEWS = YES;
				GENERATE_INFOPLIST_FILE = YES;
				INFOPLIST_KEY_NSPhotoLibraryUsageDescription = "CleanSwipe needs access to your photos to help you organize and clean up your photo library by swiping to keep or delete photos.";
				INFOPLIST_KEY_UIApplicationSceneManifest_Generation = YES;
				INFOPLIST_KEY_UIApplicationSupportsIndirectInputEvents = YES;
				INFOPLIST_KEY_UILaunchScreen_Generation = YES;
				INFOPLIST_KEY_UISupportedInterfaceOrientations_iPad = "UIInterfaceOrientationPortrait UIInterfaceOrientationPortraitUpsideDown UIInterfaceOrientationLandscapeLeft UIInterfaceOrientationLandscapeRight";
				INFOPLIST_KEY_UISupportedInterfaceOrientations_iPhone = "UIInterfaceOrientationPortrait UIInterfaceOrientationLandscapeLeft UIInterfaceOrientationLandscapeRight";
				LD_RUNPATH_SEARCH_PATHS = (
					"$(inherited)",
					"@executable_path/Frameworks",
				);
				MARKETING_VERSION = 1.0;
				PRODUCT_BUNDLE_IDENTIFIER = com.yalun.CleanSwipe;
				PRODUCT_NAME = "$(TARGET_NAME)";
				SWIFT_EMIT_LOC_STRINGS = YES;
				SWIFT_VERSION = 5.0;
				TARGETED_DEVICE_FAMILY = "1,2";
			};
			name = Debug;
		};
		EE1AF8C92E0F30A9006C633D /* Release */ = {
			isa = XCBuildConfiguration;
			buildSettings = {
				ASSETCATALOG_COMPILER_APPICON_NAME = AppIcon;
				ASSETCATALOG_COMPILER_GLOBAL_ACCENT_COLOR_NAME = AccentColor;
				CODE_SIGN_STYLE = Automatic;
				CURRENT_PROJECT_VERSION = 1;
				DEVELOPMENT_ASSET_PATHS = "\"CleanSwipe/Preview Content\"";
				DEVELOPMENT_TEAM = 63FZ6N973R;
				ENABLE_PREVIEWS = YES;
				GENERATE_INFOPLIST_FILE = YES;
				INFOPLIST_KEY_NSPhotoLibraryUsageDescription = "CleanSwipe needs access to your photos to help you organize and clean up your photo library by swiping to keep or delete photos.";
				INFOPLIST_KEY_UIApplicationSceneManifest_Generation = YES;
				INFOPLIST_KEY_UIApplicationSupportsIndirectInputEvents = YES;
				INFOPLIST_KEY_UILaunchScreen_Generation = YES;
				INFOPLIST_KEY_UISupportedInterfaceOrientations_iPad = "UIInterfaceOrientationPortrait UIInterfaceOrientationPortraitUpsideDown UIInterfaceOrientationLandscapeLeft UIInterfaceOrientationLandscapeRight";
				INFOPLIST_KEY_UISupportedInterfaceOrientations_iPhone = "UIInterfaceOrientationPortrait UIInterfaceOrientationLandscapeLeft UIInterfaceOrientationLandscapeRight";
				LD_RUNPATH_SEARCH_PATHS = (
					"$(inherited)",
					"@executable_path/Frameworks",
				);
				MARKETING_VERSION = 1.0;
				PRODUCT_BUNDLE_IDENTIFIER = com.yalun.CleanSwipe;
				PRODUCT_NAME = "$(TARGET_NAME)";
				SWIFT_EMIT_LOC_STRINGS = YES;
				SWIFT_VERSION = 5.0;
				TARGETED_DEVICE_FAMILY = "1,2";
			};
			name = Release;
		};
		EE1AF8CB2E0F30A9006C633D /* Debug */ = {
			isa = XCBuildConfiguration;
			buildSettings = {
				BUNDLE_LOADER = "$(TEST_HOST)";
				CODE_SIGN_STYLE = Automatic;
				CURRENT_PROJECT_VERSION = 1;
				GENERATE_INFOPLIST_FILE = YES;
				IPHONEOS_DEPLOYMENT_TARGET = 18.1;
				MARKETING_VERSION = 1.0;
				PRODUCT_BUNDLE_IDENTIFIER = com.yalun.CleanSwipeTests;
				PRODUCT_NAME = "$(TARGET_NAME)";
				SWIFT_EMIT_LOC_STRINGS = NO;
				SWIFT_VERSION = 5.0;
				TARGETED_DEVICE_FAMILY = "1,2";
				TEST_HOST = "$(BUILT_PRODUCTS_DIR)/CleanSwipe.app/$(BUNDLE_EXECUTABLE_FOLDER_PATH)/CleanSwipe";
			};
			name = Debug;
		};
		EE1AF8CC2E0F30A9006C633D /* Release */ = {
			isa = XCBuildConfiguration;
			buildSettings = {
				BUNDLE_LOADER = "$(TEST_HOST)";
				CODE_SIGN_STYLE = Automatic;
				CURRENT_PROJECT_VERSION = 1;
				GENERATE_INFOPLIST_FILE = YES;
				IPHONEOS_DEPLOYMENT_TARGET = 18.1;
				MARKETING_VERSION = 1.0;
				PRODUCT_BUNDLE_IDENTIFIER = com.yalun.CleanSwipeTests;
				PRODUCT_NAME = "$(TARGET_NAME)";
				SWIFT_EMIT_LOC_STRINGS = NO;
				SWIFT_VERSION = 5.0;
				TARGETED_DEVICE_FAMILY = "1,2";
				TEST_HOST = "$(BUILT_PRODUCTS_DIR)/CleanSwipe.app/$(BUNDLE_EXECUTABLE_FOLDER_PATH)/CleanSwipe";
			};
			name = Release;
		};
		EE1AF8CE2E0F30A9006C633D /* Debug */ = {
			isa = XCBuildConfiguration;
			buildSettings = {
				CODE_SIGN_STYLE = Automatic;
				CURRENT_PROJECT_VERSION = 1;
				GENERATE_INFOPLIST_FILE = YES;
				MARKETING_VERSION = 1.0;
				PRODUCT_BUNDLE_IDENTIFIER = com.yalun.CleanSwipeUITests;
				PRODUCT_NAME = "$(TARGET_NAME)";
				SWIFT_EMIT_LOC_STRINGS = NO;
				SWIFT_VERSION = 5.0;
				TARGETED_DEVICE_FAMILY = "1,2";
				TEST_TARGET_NAME = CleanSwipe;
			};
			name = Debug;
		};
		EE1AF8CF2E0F30A9006C633D /* Release */ = {
			isa = XCBuildConfiguration;
			buildSettings = {
				CODE_SIGN_STYLE = Automatic;
				CURRENT_PROJECT_VERSION = 1;
				GENERATE_INFOPLIST_FILE = YES;
				MARKETING_VERSION = 1.0;
				PRODUCT_BUNDLE_IDENTIFIER = com.yalun.CleanSwipeUITests;
				PRODUCT_NAME = "$(TARGET_NAME)";
				SWIFT_EMIT_LOC_STRINGS = NO;
				SWIFT_VERSION = 5.0;
				TARGETED_DEVICE_FAMILY = "1,2";
				TEST_TARGET_NAME = CleanSwipe;
			};
			name = Release;
		};
/* End XCBuildConfiguration section */

/* Begin XCConfigurationList section */
		EE1AF89E2E0F30A9006C633D /* Build configuration list for PBXProject "CleanSwipe" */ = {
			isa = XCConfigurationList;
			buildConfigurations = (
				EE1AF8C52E0F30A9006C633D /* Debug */,
				EE1AF8C62E0F30A9006C633D /* Release */,
			);
			defaultConfigurationIsVisible = 0;
			defaultConfigurationName = Release;
		};
		EE1AF8C72E0F30A9006C633D /* Build configuration list for PBXNativeTarget "CleanSwipe" */ = {
			isa = XCConfigurationList;
			buildConfigurations = (
				EE1AF8C82E0F30A9006C633D /* Debug */,
				EE1AF8C92E0F30A9006C633D /* Release */,
			);
			defaultConfigurationIsVisible = 0;
			defaultConfigurationName = Release;
		};
		EE1AF8CA2E0F30A9006C633D /* Build configuration list for PBXNativeTarget "CleanSwipeTests" */ = {
			isa = XCConfigurationList;
			buildConfigurations = (
				EE1AF8CB2E0F30A9006C633D /* Debug */,
				EE1AF8CC2E0F30A9006C633D /* Release */,
			);
			defaultConfigurationIsVisible = 0;
			defaultConfigurationName = Release;
		};
		EE1AF8CD2E0F30A9006C633D /* Build configuration list for PBXNativeTarget "CleanSwipeUITests" */ = {
			isa = XCConfigurationList;
			buildConfigurations = (
				EE1AF8CE2E0F30A9006C633D /* Debug */,
				EE1AF8CF2E0F30A9006C633D /* Release */,
			);
			defaultConfigurationIsVisible = 0;
			defaultConfigurationName = Release;
		};
/* End XCConfigurationList section */
	};
	rootObject = EE1AF89B2E0F30A9006C633D /* Project object */;
}
